
Microsoft Visual Studio Solution File, Format Version 12.00
Project("{2150E333-8FDC-42A3-9474-1A3956D46DE8}") = "Src", "Src", "{5EA16629-5573-4F12-BAC7-74F33BC91F52}"
EndProject
Project("{2150E333-8FDC-42A3-9474-1A3956D46DE8}") = "ToDo.Aplication", "ToDo.Aplication", "{65B666E4-AA38-4D33-A194-5637CECBBDBA}"
EndProject
Project("{2150E333-8FDC-42A3-9474-1A3956D46DE8}") = "ToDo.Core", "ToDo.Core", "{3A6D3C39-441A-4D8A-960F-D6F3026D96F9}"
EndProject
Project("{2150E333-8FDC-42A3-9474-1A3956D46DE8}") = "ToDo.Domain", "ToDo.Domain", "{A8648FAE-496F-4494-BCC3-4CE896B78CE0}"
EndProject
Project("{2150E333-8FDC-42A3-9474-1A3956D46DE8}") = "ToDo.Infra", "ToDo.Infra", "{C461579E-844D-4AC3-A4D1-08493C9BB2A3}"
EndProject
Project("{2150E333-8FDC-42A3-9474-1A3956D46DE8}") = "ToDo.Tests", "ToDo.Tests", "{E9759F67-AA0A-4563-993A-2CE1DA55C85B}"
EndProject
Project("{FAE04EC0-301F-11D3-BF4B-00C04F79EFBC}") = "ToDo.Api", "ToDo.Api\ToDo.Api.csproj", "{580C2DC2-FF82-44FD-AD9C-9C689949FA22}"
EndProject
Project("{FAE04EC0-301F-11D3-BF4B-00C04F79EFBC}") = "ToDo.Core", "ToDo.Core\ToDo.Core.csproj", "{5DFCC3BA-8CEE-47E0-93C4-F7DC133F9251}"
EndProject
Project("{FAE04EC0-301F-11D3-BF4B-00C04F79EFBC}") = "ToDo.Domain", "ToDo.Domain\ToDo.Domain.csproj", "{ED6034A5-4658-42C4-ABEE-243E6F597005}"
EndProject
Project("{FAE04EC0-301F-11D3-BF4B-00C04F79EFBC}") = "ToDo.Infra", "ToDo.Infra\ToDo.Infra.csproj", "{7CEDBBF4-6DBB-4D7E-AB6B-A2313F0EDFA5}"
EndProject
Project("{FAE04EC0-301F-11D3-BF4B-00C04F79EFBC}") = "ToDo.Tests", "ToDo.Tests\ToDo.Tests.csproj", "{E20E6E4B-AC4F-4CDB-9E28-17116847DD17}"
EndProject
Project("{2150E333-8FDC-42A3-9474-1A3956D46DE8}") = "ToDo.Services", "ToDo.Services", "{7821C205-578C-4A33-993B-D01E90B2CEDD}"
EndProject
Project("{FAE04EC0-301F-11D3-BF4B-00C04F79EFBC}") = "ToDo.Services", "ToDo.Services\ToDo.Services.csproj", "{2DABC6DD-18F1-4F92-BBD8-216780A9365C}"
EndProject
Global
	GlobalSection(SolutionConfigurationPlatforms) = preSolution
		Debug|Any CPU = Debug|Any CPU
		Release|Any CPU = Release|Any CPU
	EndGlobalSection
	GlobalSection(NestedProjects) = preSolution
		{65B666E4-AA38-4D33-A194-5637CECBBDBA} = {5EA16629-5573-4F12-BAC7-74F33BC91F52}
		{3A6D3C39-441A-4D8A-960F-D6F3026D96F9} = {5EA16629-5573-4F12-BAC7-74F33BC91F52}
		{A8648FAE-496F-4494-BCC3-4CE896B78CE0} = {5EA16629-5573-4F12-BAC7-74F33BC91F52}
		{C461579E-844D-4AC3-A4D1-08493C9BB2A3} = {5EA16629-5573-4F12-BAC7-74F33BC91F52}
		{E9759F67-AA0A-4563-993A-2CE1DA55C85B} = {5EA16629-5573-4F12-BAC7-74F33BC91F52}
		{580C2DC2-FF82-44FD-AD9C-9C689949FA22} = {65B666E4-AA38-4D33-A194-5637CECBBDBA}
		{5DFCC3BA-8CEE-47E0-93C4-F7DC133F9251} = {3A6D3C39-441A-4D8A-960F-D6F3026D96F9}
		{ED6034A5-4658-42C4-ABEE-243E6F597005} = {A8648FAE-496F-4494-BCC3-4CE896B78CE0}
		{7CEDBBF4-6DBB-4D7E-AB6B-A2313F0EDFA5} = {C461579E-844D-4AC3-A4D1-08493C9BB2A3}
		{E20E6E4B-AC4F-4CDB-9E28-17116847DD17} = {E9759F67-AA0A-4563-993A-2CE1DA55C85B}
		{7821C205-578C-4A33-993B-D01E90B2CEDD} = {5EA16629-5573-4F12-BAC7-74F33BC91F52}
		{2DABC6DD-18F1-4F92-BBD8-216780A9365C} = {7821C205-578C-4A33-993B-D01E90B2CEDD}
	EndGlobalSection
	GlobalSection(ProjectConfigurationPlatforms) = postSolution
		{580C2DC2-FF82-44FD-AD9C-9C689949FA22}.Debug|Any CPU.ActiveCfg = Debug|Any CPU
		{580C2DC2-FF82-44FD-AD9C-9C689949FA22}.Debug|Any CPU.Build.0 = Debug|Any CPU
		{580C2DC2-FF82-44FD-AD9C-9C689949FA22}.Release|Any CPU.ActiveCfg = Release|Any CPU
		{580C2DC2-FF82-44FD-AD9C-9C689949FA22}.Release|Any CPU.Build.0 = Release|Any CPU
		{5DFCC3BA-8CEE-47E0-93C4-F7DC133F9251}.Debug|Any CPU.ActiveCfg = Debug|Any CPU
		{5DFCC3BA-8CEE-47E0-93C4-F7DC133F9251}.Debug|Any CPU.Build.0 = Debug|Any CPU
		{5DFCC3BA-8CEE-47E0-93C4-F7DC133F9251}.Release|Any CPU.ActiveCfg = Release|Any CPU
		{5DFCC3BA-8CEE-47E0-93C4-F7DC133F9251}.Release|Any CPU.Build.0 = Release|Any CPU
		{ED6034A5-4658-42C4-ABEE-243E6F597005}.Debug|Any CPU.ActiveCfg = Debug|Any CPU
		{ED6034A5-4658-42C4-ABEE-243E6F597005}.Debug|Any CPU.Build.0 = Debug|Any CPU
		{ED6034A5-4658-42C4-ABEE-243E6F597005}.Release|Any CPU.ActiveCfg = Release|Any CPU
		{ED6034A5-4658-42C4-ABEE-243E6F597005}.Release|Any CPU.Build.0 = Release|Any CPU
		{7CEDBBF4-6DBB-4D7E-AB6B-A2313F0EDFA5}.Debug|Any CPU.ActiveCfg = Debug|Any CPU
		{7CEDBBF4-6DBB-4D7E-AB6B-A2313F0EDFA5}.Debug|Any CPU.Build.0 = Debug|Any CPU
		{7CEDBBF4-6DBB-4D7E-AB6B-A2313F0EDFA5}.Release|Any CPU.ActiveCfg = Release|Any CPU
		{7CEDBBF4-6DBB-4D7E-AB6B-A2313F0EDFA5}.Release|Any CPU.Build.0 = Release|Any CPU
		{E20E6E4B-AC4F-4CDB-9E28-17116847DD17}.Debug|Any CPU.ActiveCfg = Debug|Any CPU
		{E20E6E4B-AC4F-4CDB-9E28-17116847DD17}.Debug|Any CPU.Build.0 = Debug|Any CPU
		{E20E6E4B-AC4F-4CDB-9E28-17116847DD17}.Release|Any CPU.ActiveCfg = Release|Any CPU
		{E20E6E4B-AC4F-4CDB-9E28-17116847DD17}.Release|Any CPU.Build.0 = Release|Any CPU
		{2DABC6DD-18F1-4F92-BBD8-216780A9365C}.Debug|Any CPU.ActiveCfg = Debug|Any CPU
		{2DABC6DD-18F1-4F92-BBD8-216780A9365C}.Debug|Any CPU.Build.0 = Debug|Any CPU
		{2DABC6DD-18F1-4F92-BBD8-216780A9365C}.Release|Any CPU.ActiveCfg = Release|Any CPU
		{2DABC6DD-18F1-4F92-BBD8-216780A9365C}.Release|Any CPU.Build.0 = Release|Any CPU
	EndGlobalSection
EndGlobal
