
Microsoft Visual Studio Solution File, Format Version 12.00
Project("{2150E333-8FDC-42A3-9474-1A3956D46DE8}") = "Src", "Src", "{48D03AA5-703C-496A-AC08-ABCC9EAAAFD0}"
EndProject
Project("{2150E333-8FDC-42A3-9474-1A3956D46DE8}") = "Todo.Domain", "Todo.Domain", "{52B521EF-D443-4921-B568-D65CF858F7BC}"
EndProject
Project("{2150E333-8FDC-42A3-9474-1A3956D46DE8}") = "Todo.Application", "Todo.Application", "{0DA63522-E775-423F-A2FF-AABA17BCFBDA}"
EndProject
Project("{2150E333-8FDC-42A3-9474-1A3956D46DE8}") = "Todo.Infra", "Todo.Infra", "{953B8C8E-B9C3-4759-BD04-DB32897D780E}"
EndProject
Project("{2150E333-8FDC-42A3-9474-1A3956D46DE8}") = "Todo.Core", "Todo.Core", "{AA651592-903D-4503-9247-64C0A3512978}"
EndProject
Project("{2150E333-8FDC-42A3-9474-1A3956D46DE8}") = "Todo.Api", "Todo.Api", "{B8B419C4-9FC5-4224-B169-8EC2020FBA48}"
EndProject
Project("{FAE04EC0-301F-11D3-BF4B-00C04F79EFBC}") = "Todo.Domain", "Todo.Domain\Todo.Domain.csproj", "{3950B6D1-1A84-4084-B52F-70E2C50CF928}"
EndProject
Project("{FAE04EC0-301F-11D3-BF4B-00C04F79EFBC}") = "Todo.Infra", "Todo.Infra\Todo.Infra.csproj", "{5A05ABC5-22B7-4BE4-A2B7-C3BAFCB2BB96}"
EndProject
Project("{FAE04EC0-301F-11D3-BF4B-00C04F79EFBC}") = "Todo.Core", "Todo.Core\Todo.Core.csproj", "{3C2B2A4A-FC73-452A-A438-920871A618A7}"
EndProject
Project("{FAE04EC0-301F-11D3-BF4B-00C04F79EFBC}") = "Todo.Application", "Todo.Application\Todo.Application.csproj", "{2BDBF62F-A8C4-4D7D-9A9E-E24459C9386C}"
EndProject
Project("{FAE04EC0-301F-11D3-BF4B-00C04F79EFBC}") = "Todo.Api", "Todo.Api\Todo.Api.csproj", "{0857469D-C5FC-4FFA-A1E4-470D43964E0D}"
EndProject
Global
	GlobalSection(SolutionConfigurationPlatforms) = preSolution
		Debug|Any CPU = Debug|Any CPU
		Release|Any CPU = Release|Any CPU
	EndGlobalSection
	GlobalSection(NestedProjects) = preSolution
		{52B521EF-D443-4921-B568-D65CF858F7BC} = {48D03AA5-703C-496A-AC08-ABCC9EAAAFD0}
		{0DA63522-E775-423F-A2FF-AABA17BCFBDA} = {48D03AA5-703C-496A-AC08-ABCC9EAAAFD0}
		{953B8C8E-B9C3-4759-BD04-DB32897D780E} = {48D03AA5-703C-496A-AC08-ABCC9EAAAFD0}
		{AA651592-903D-4503-9247-64C0A3512978} = {48D03AA5-703C-496A-AC08-ABCC9EAAAFD0}
		{B8B419C4-9FC5-4224-B169-8EC2020FBA48} = {48D03AA5-703C-496A-AC08-ABCC9EAAAFD0}
		{3950B6D1-1A84-4084-B52F-70E2C50CF928} = {52B521EF-D443-4921-B568-D65CF858F7BC}
		{5A05ABC5-22B7-4BE4-A2B7-C3BAFCB2BB96} = {953B8C8E-B9C3-4759-BD04-DB32897D780E}
		{3C2B2A4A-FC73-452A-A438-920871A618A7} = {AA651592-903D-4503-9247-64C0A3512978}
		{2BDBF62F-A8C4-4D7D-9A9E-E24459C9386C} = {0DA63522-E775-423F-A2FF-AABA17BCFBDA}
		{0857469D-C5FC-4FFA-A1E4-470D43964E0D} = {B8B419C4-9FC5-4224-B169-8EC2020FBA48}
	EndGlobalSection
	GlobalSection(ProjectConfigurationPlatforms) = postSolution
		{3950B6D1-1A84-4084-B52F-70E2C50CF928}.Debug|Any CPU.ActiveCfg = Debug|Any CPU
		{3950B6D1-1A84-4084-B52F-70E2C50CF928}.Debug|Any CPU.Build.0 = Debug|Any CPU
		{3950B6D1-1A84-4084-B52F-70E2C50CF928}.Release|Any CPU.ActiveCfg = Release|Any CPU
		{3950B6D1-1A84-4084-B52F-70E2C50CF928}.Release|Any CPU.Build.0 = Release|Any CPU
		{5A05ABC5-22B7-4BE4-A2B7-C3BAFCB2BB96}.Debug|Any CPU.ActiveCfg = Debug|Any CPU
		{5A05ABC5-22B7-4BE4-A2B7-C3BAFCB2BB96}.Debug|Any CPU.Build.0 = Debug|Any CPU
		{5A05ABC5-22B7-4BE4-A2B7-C3BAFCB2BB96}.Release|Any CPU.ActiveCfg = Release|Any CPU
		{5A05ABC5-22B7-4BE4-A2B7-C3BAFCB2BB96}.Release|Any CPU.Build.0 = Release|Any CPU
		{3C2B2A4A-FC73-452A-A438-920871A618A7}.Debug|Any CPU.ActiveCfg = Debug|Any CPU
		{3C2B2A4A-FC73-452A-A438-920871A618A7}.Debug|Any CPU.Build.0 = Debug|Any CPU
		{3C2B2A4A-FC73-452A-A438-920871A618A7}.Release|Any CPU.ActiveCfg = Release|Any CPU
		{3C2B2A4A-FC73-452A-A438-920871A618A7}.Release|Any CPU.Build.0 = Release|Any CPU
		{2BDBF62F-A8C4-4D7D-9A9E-E24459C9386C}.Debug|Any CPU.ActiveCfg = Debug|Any CPU
		{2BDBF62F-A8C4-4D7D-9A9E-E24459C9386C}.Debug|Any CPU.Build.0 = Debug|Any CPU
		{2BDBF62F-A8C4-4D7D-9A9E-E24459C9386C}.Release|Any CPU.ActiveCfg = Release|Any CPU
		{2BDBF62F-A8C4-4D7D-9A9E-E24459C9386C}.Release|Any CPU.Build.0 = Release|Any CPU
		{0857469D-C5FC-4FFA-A1E4-470D43964E0D}.Debug|Any CPU.ActiveCfg = Debug|Any CPU
		{0857469D-C5FC-4FFA-A1E4-470D43964E0D}.Debug|Any CPU.Build.0 = Debug|Any CPU
		{0857469D-C5FC-4FFA-A1E4-470D43964E0D}.Release|Any CPU.ActiveCfg = Release|Any CPU
		{0857469D-C5FC-4FFA-A1E4-470D43964E0D}.Release|Any CPU.Build.0 = Release|Any CPU
	EndGlobalSection
EndGlobal
